
Microsoft Visual Studio Solution File, Format Version 12.00
# Visual Studio Version 16
VisualStudioVersion = 16.0.29613.14
MinimumVisualStudioVersion = 10.0.40219.1
Project("{FAE04EC0-301F-11D3-BF4B-00C04F79EFBC}") = "EComm_Blazor", "EComm_Blazor\EComm_Blazor.csproj", "{B54B52FC-FA7F-4E30-AF6B-1D8E39CD7AF6}"
EndProject
Global
	GlobalSection(SolutionConfigurationPlatforms) = preSolution
		Debug|Any CPU = Debug|Any CPU
		Release|Any CPU = Release|Any CPU
	EndGlobalSection
	GlobalSection(ProjectConfigurationPlatforms) = postSolution
		{B54B52FC-FA7F-4E30-AF6B-1D8E39CD7AF6}.Debug|Any CPU.ActiveCfg = Debug|Any CPU
		{B54B52FC-FA7F-4E30-AF6B-1D8E39CD7AF6}.Debug|Any CPU.Build.0 = Debug|Any CPU
		{B54B52FC-FA7F-4E30-AF6B-1D8E39CD7AF6}.Release|Any CPU.ActiveCfg = Release|Any CPU
		{B54B52FC-FA7F-4E30-AF6B-1D8E39CD7AF6}.Release|Any CPU.Build.0 = Release|Any CPU
	EndGlobalSection
	GlobalSection(SolutionProperties) = preSolution
		HideSolutionNode = FALSE
	EndGlobalSection
	GlobalSection(ExtensibilityGlobals) = postSolution
		SolutionGuid = {BA2F1B70-A246-4804-8805-208E6D3CF2C0}
	EndGlobalSection
EndGlobal
